# This file is automatically @generated by Cargo.
# It is not intended for manual editing.
version = 4

[[package]]
name = "aerosls-blockcache"
version = "0.1.0"
dependencies = [
 "aerosls-kernel-sim",
 "aerosls-proto",
 "aerosls-ramdisk",
]

[[package]]
name = "aerosls-kernel-sim"
version = "0.1.0"
dependencies = [
 "aerosls-proto",
]

[[package]]
name = "aerosls-network"
version = "0.1.0"
dependencies = [
 "aerosls-kernel-sim",
 "aerosls-proto",
]

[[package]]
name = "aerosls-procmgr"
version = "0.1.0"
dependencies = [
 "aerosls-blockcache",
 "aerosls-kernel-sim",
 "aerosls-proto",
 "aerosls-ramdisk",
 "aerosls-vfs",
]

[[package]]
name = "aerosls-proto"
version = "0.1.0"

[[package]]
name = "aerosls-ramdisk"
version = "0.1.0"
dependencies = [
 "aerosls-kernel-sim",
 "aerosls-proto",
]

[[package]]
name = "aerosls-sidecar"
version = "0.1.0"
dependencies = [
 "aerosls-blockcache",
 "aerosls-kernel-sim",
 "aerosls-procmgr",
 "aerosls-proto",
 "aerosls-ramdisk",
 "aerosls-vfs",
]

[[package]]
name = "aerosls-vfs"
version = "0.1.0"
dependencies = [
 "aerosls-blockcache",
 "aerosls-kernel-sim",
 "aerosls-proto",
 "aerosls-ramdisk",
]
